
Microsoft Visual Studio Solution File, Format Version 12.00
# Visual Studio 2013
VisualStudioVersion = 12.0.20827.3
MinimumVisualStudioVersion = 10.0.40219.1
Project("{FAE04EC0-301F-11D3-BF4B-00C04F79EFBC}") = "CreateApiDescription", "CreateApiDescription\CreateApiDescription.csproj", "{1EF1CDF5-48D3-4D02-895B-9648F62606C5}"
EndProject
Project("{FAE04EC0-301F-11D3-BF4B-00C04F79EFBC}") = "LuaIO", "LuaIO\LuaIO.csproj", "{D1933642-5FA7-4EA6-831F-52721AB6073D}"
EndProject
Project("{FAE04EC0-301F-11D3-BF4B-00C04F79EFBC}") = "Tools", "Tools\Tools.csproj", "{63CB06A7-298F-411C-B010-C13BD1E612EC}"
EndProject
Project("{FAE04EC0-301F-11D3-BF4B-00C04F79EFBC}") = "Common", "Common\Common.csproj", "{BA167A20-C6AA-4E0A-AF61-F54744D0ADF9}"
EndProject
Global
	GlobalSection(SolutionConfigurationPlatforms) = preSolution
		Debug|Any CPU = Debug|Any CPU
		Release|Any CPU = Release|Any CPU
	EndGlobalSection
	GlobalSection(ProjectConfigurationPlatforms) = postSolution
		{1EF1CDF5-48D3-4D02-895B-9648F62606C5}.Debug|Any CPU.ActiveCfg = Debug|Any CPU
		{1EF1CDF5-48D3-4D02-895B-9648F62606C5}.Debug|Any CPU.Build.0 = Debug|Any CPU
		{1EF1CDF5-48D3-4D02-895B-9648F62606C5}.Release|Any CPU.ActiveCfg = Release|Any CPU
		{1EF1CDF5-48D3-4D02-895B-9648F62606C5}.Release|Any CPU.Build.0 = Release|Any CPU
		{D1933642-5FA7-4EA6-831F-52721AB6073D}.Debug|Any CPU.ActiveCfg = Debug|Any CPU
		{D1933642-5FA7-4EA6-831F-52721AB6073D}.Debug|Any CPU.Build.0 = Debug|Any CPU
		{D1933642-5FA7-4EA6-831F-52721AB6073D}.Release|Any CPU.ActiveCfg = Release|Any CPU
		{D1933642-5FA7-4EA6-831F-52721AB6073D}.Release|Any CPU.Build.0 = Release|Any CPU
		{63CB06A7-298F-411C-B010-C13BD1E612EC}.Debug|Any CPU.ActiveCfg = Debug|Any CPU
		{63CB06A7-298F-411C-B010-C13BD1E612EC}.Debug|Any CPU.Build.0 = Debug|Any CPU
		{63CB06A7-298F-411C-B010-C13BD1E612EC}.Release|Any CPU.ActiveCfg = Release|Any CPU
		{63CB06A7-298F-411C-B010-C13BD1E612EC}.Release|Any CPU.Build.0 = Release|Any CPU
		{BA167A20-C6AA-4E0A-AF61-F54744D0ADF9}.Debug|Any CPU.ActiveCfg = Debug|Any CPU
		{BA167A20-C6AA-4E0A-AF61-F54744D0ADF9}.Debug|Any CPU.Build.0 = Debug|Any CPU
		{BA167A20-C6AA-4E0A-AF61-F54744D0ADF9}.Release|Any CPU.ActiveCfg = Release|Any CPU
		{BA167A20-C6AA-4E0A-AF61-F54744D0ADF9}.Release|Any CPU.Build.0 = Release|Any CPU
	EndGlobalSection
	GlobalSection(SolutionProperties) = preSolution
		HideSolutionNode = FALSE
	EndGlobalSection
EndGlobal
